
Microsoft Visual Studio Solution File, Format Version 12.00
# Visual Studio Version 16
VisualStudioVersion = 16.0.32106.194
MinimumVisualStudioVersion = 10.0.40219.1
Project("{9A19103F-16F7-4668-BE54-9A1E7A4F7556}") = "ProtoBenchmarkHelpers", "ProtoBenchmarkHelpers.csproj", "{D57C8A67-1BE9-411B-8009-81CD4BBCDD7D}"
EndProject
Global
	GlobalSection(SolutionConfigurationPlatforms) = preSolution
		Debug|Any CPU = Debug|Any CPU
		Release|Any CPU = Release|Any CPU
	EndGlobalSection
	GlobalSection(ProjectConfigurationPlatforms) = postSolution
		{D57C8A67-1BE9-411B-8009-81CD4BBCDD7D}.Debug|Any CPU.ActiveCfg = Debug|Any CPU
		{D57C8A67-1BE9-411B-8009-81CD4BBCDD7D}.Debug|Any CPU.Build.0 = Debug|Any CPU
		{D57C8A67-1BE9-411B-8009-81CD4BBCDD7D}.Release|Any CPU.ActiveCfg = Release|Any CPU
		{D57C8A67-1BE9-411B-8009-81CD4BBCDD7D}.Release|Any CPU.Build.0 = Release|Any CPU
	EndGlobalSection
	GlobalSection(SolutionProperties) = preSolution
		HideSolutionNode = FALSE
	EndGlobalSection
	GlobalSection(ExtensibilityGlobals) = postSolution
		SolutionGuid = {80CEB366-5C48-4636-9E49-E1CA897328F0}
	EndGlobalSection
EndGlobal
